
Microsoft Visual Studio Solution File, Format Version 12.00
# Visual Studio 15
VisualStudioVersion = 15.0.26730.16
MinimumVisualStudioVersion = 10.0.40219.1
Project("{FAE04EC0-301F-11D3-BF4B-00C04F79EFBC}") = "BatteryMonitor", "BatteryMonitor\BatteryMonitor.csproj", "{B3279534-3310-4D0D-8932-86411E0DAEA3}"
EndProject
Global
	GlobalSection(SolutionConfigurationPlatforms) = preSolution
		Debug|Any CPU = Debug|Any CPU
		Release|Any CPU = Release|Any CPU
	EndGlobalSection
	GlobalSection(ProjectConfigurationPlatforms) = postSolution
		{B3279534-3310-4D0D-8932-86411E0DAEA3}.Debug|Any CPU.ActiveCfg = Debug|Any CPU
		{B3279534-3310-4D0D-8932-86411E0DAEA3}.Debug|Any CPU.Build.0 = Debug|Any CPU
		{B3279534-3310-4D0D-8932-86411E0DAEA3}.Release|Any CPU.ActiveCfg = Release|Any CPU
		{B3279534-3310-4D0D-8932-86411E0DAEA3}.Release|Any CPU.Build.0 = Release|Any CPU
	EndGlobalSection
	GlobalSection(SolutionProperties) = preSolution
		HideSolutionNode = FALSE
	EndGlobalSection
	GlobalSection(ExtensibilityGlobals) = postSolution
		SolutionGuid = {2D0BB6B6-9977-4DE2-8C6F-7AB875DDB3EB}
	EndGlobalSection
EndGlobal
